
Microsoft Visual Studio Solution File, Format Version 12.00
# Visual Studio Version 16
VisualStudioVersion = 16.0.29905.134
MinimumVisualStudioVersion = 10.0.40219.1
Project("{FAE04EC0-301F-11D3-BF4B-00C04F79EFBC}") = "HorizonSummer.ConsoleApp", "HorizonSummer.ConsoleApp\HorizonSummer.ConsoleApp.csproj", "{C255A3F8-BF99-4797-91FF-9CF611FF64C0}"
EndProject
Project("{FAE04EC0-301F-11D3-BF4B-00C04F79EFBC}") = "HorizonSummer", "HorizonSummer\HorizonSummer.csproj", "{2F677EC1-28A2-401C-AD7F-729885736DE1}"
EndProject
Global
	GlobalSection(SolutionConfigurationPlatforms) = preSolution
		Debug|Any CPU = Debug|Any CPU
		Release|Any CPU = Release|Any CPU
	EndGlobalSection
	GlobalSection(ProjectConfigurationPlatforms) = postSolution
		{C255A3F8-BF99-4797-91FF-9CF611FF64C0}.Debug|Any CPU.ActiveCfg = Debug|Any CPU
		{C255A3F8-BF99-4797-91FF-9CF611FF64C0}.Debug|Any CPU.Build.0 = Debug|Any CPU
		{C255A3F8-BF99-4797-91FF-9CF611FF64C0}.Release|Any CPU.ActiveCfg = Release|Any CPU
		{C255A3F8-BF99-4797-91FF-9CF611FF64C0}.Release|Any CPU.Build.0 = Release|Any CPU
		{2F677EC1-28A2-401C-AD7F-729885736DE1}.Debug|Any CPU.ActiveCfg = Debug|Any CPU
		{2F677EC1-28A2-401C-AD7F-729885736DE1}.Debug|Any CPU.Build.0 = Debug|Any CPU
		{2F677EC1-28A2-401C-AD7F-729885736DE1}.Release|Any CPU.ActiveCfg = Release|Any CPU
		{2F677EC1-28A2-401C-AD7F-729885736DE1}.Release|Any CPU.Build.0 = Release|Any CPU
	EndGlobalSection
	GlobalSection(SolutionProperties) = preSolution
		HideSolutionNode = FALSE
	EndGlobalSection
	GlobalSection(ExtensibilityGlobals) = postSolution
		SolutionGuid = {1DEA04A9-7107-416D-A02E-0D30DF4B919C}
	EndGlobalSection
EndGlobal
